// !$*UTF8*$!
{
	archiveVersion = 1;
	classes = {
	};
	objectVersion = 46;
	objects = {

/* Begin PBXBuildFile section */
		5872834D1D05D3B7003699FD /* AppDelegate.swift in Sources */ = {isa = PBXBuildFile; fileRef = 5872834C1D05D3B7003699FD /* AppDelegate.swift */; };
		587283521D05D3B7003699FD /* Main.storyboard in Resources */ = {isa = PBXBuildFile; fileRef = 587283501D05D3B7003699FD /* Main.storyboard */; };
		587283551D05D3B7003699FD /* ContatosApp.xcdatamodeld in Sources */ = {isa = PBXBuildFile; fileRef = 587283531D05D3B7003699FD /* ContatosApp.xcdatamodeld */; };
		587283571D05D3B7003699FD /* Assets.xcassets in Resources */ = {isa = PBXBuildFile; fileRef = 587283561D05D3B7003699FD /* Assets.xcassets */; };
		5872835A1D05D3B7003699FD /* LaunchScreen.storyboard in Resources */ = {isa = PBXBuildFile; fileRef = 587283581D05D3B7003699FD /* LaunchScreen.storyboard */; };
		587283651D05D3B7003699FD /* ContatosAppTests.swift in Sources */ = {isa = PBXBuildFile; fileRef = 587283641D05D3B7003699FD /* ContatosAppTests.swift */; };
		587283701D05D3B7003699FD /* ContatosAppUITests.swift in Sources */ = {isa = PBXBuildFile; fileRef = 5872836F1D05D3B7003699FD /* ContatosAppUITests.swift */; };
		5872837E1D05D410003699FD /* FormularioViewController.swift in Sources */ = {isa = PBXBuildFile; fileRef = 5872837D1D05D410003699FD /* FormularioViewController.swift */; };
		587283831D05D5B1003699FD /* Contato.m in Sources */ = {isa = PBXBuildFile; fileRef = 587283821D05D5B1003699FD /* Contato.m */; };
		587283861D05D9BD003699FD /* ContatoDAO.swift in Sources */ = {isa = PBXBuildFile; fileRef = 587283851D05D9BD003699FD /* ContatoDAO.swift */; };
		5872838C1D05DF23003699FD /* ListagemTableViewController.swift in Sources */ = {isa = PBXBuildFile; fileRef = 5872838B1D05DF23003699FD /* ListagemTableViewController.swift */; };
		58778ECE1D25CF52003D1EDF /* CoreDataUtil.swift in Sources */ = {isa = PBXBuildFile; fileRef = 58778ECD1D25CF52003D1EDF /* CoreDataUtil.swift */; };
		58C271F71D1DD8C50021EAFA /* FormularioContatoViewControllerDelegate.swift in Sources */ = {isa = PBXBuildFile; fileRef = 58C271F61D1DD8C50021EAFA /* FormularioContatoViewControllerDelegate.swift */; };
		58C271FA1D1DE6660021EAFA /* GerenciadorDeAcoes.swift in Sources */ = {isa = PBXBuildFile; fileRef = 58C271F91D1DE6660021EAFA /* GerenciadorDeAcoes.swift */; };
		58F86B731D2450840008E240 /* TemperaturaViewController.swift in Sources */ = {isa = PBXBuildFile; fileRef = 58F86B721D2450840008E240 /* TemperaturaViewController.swift */; };
		58FCEA031D21A6EF00028ACE /* MapaViewController.swift in Sources */ = {isa = PBXBuildFile; fileRef = 58FCEA021D21A6EF00028ACE /* MapaViewController.swift */; };
		5D6F0333A05BDD1FEA910FB7 /* Pods_ContatosAppTests.framework in Frameworks */ = {isa = PBXBuildFile; fileRef = 92C509697931CAA81BD5C602 /* Pods_ContatosAppTests.framework */; };
		80284BC91C9FB886EC9C4BB4 /* Pods_ContatosApp.framework in Frameworks */ = {isa = PBXBuildFile; fileRef = C9139DA3EBCF532487405C10 /* Pods_ContatosApp.framework */; };
		F43381A80E85AD1270F9C8FD /* Pods_ContatosAppUITests.framework in Frameworks */ = {isa = PBXBuildFile; fileRef = 831AA6620FC554031AF7C63C /* Pods_ContatosAppUITests.framework */; };
/* End PBXBuildFile section */

/* Begin PBXContainerItemProxy section */
		587283611D05D3B7003699FD /* PBXContainerItemProxy */ = {
			isa = PBXContainerItemProxy;
			containerPortal = 587283411D05D3B7003699FD /* Project object */;
			proxyType = 1;
			remoteGlobalIDString = 587283481D05D3B7003699FD;
			remoteInfo = ContatosApp;
		};
		5872836C1D05D3B7003699FD /* PBXContainerItemProxy */ = {
			isa = PBXContainerItemProxy;
			containerPortal = 587283411D05D3B7003699FD /* Project object */;
			proxyType = 1;
			remoteGlobalIDString = 587283481D05D3B7003699FD;
			remoteInfo = ContatosApp;
		};
/* End PBXContainerItemProxy section */

/* Begin PBXFileReference section */
		088091021607CF1A266F86E3 /* Pods-ContatosAppTests.release.xcconfig */ = {isa = PBXFileReference; includeInIndex = 1; lastKnownFileType = text.xcconfig; name = "Pods-ContatosAppTests.release.xcconfig"; path = "Pods/Target Support Files/Pods-ContatosAppTests/Pods-ContatosAppTests.release.xcconfig"; sourceTree = "<group>"; };
		18CD693DA211E2E5C070A903 /* Pods-ContatosAppUITests.release.xcconfig */ = {isa = PBXFileReference; includeInIndex = 1; lastKnownFileType = text.xcconfig; name = "Pods-ContatosAppUITests.release.xcconfig"; path = "Pods/Target Support Files/Pods-ContatosAppUITests/Pods-ContatosAppUITests.release.xcconfig"; sourceTree = "<group>"; };
		587283491D05D3B7003699FD /* ContatosApp.app */ = {isa = PBXFileReference; explicitFileType = wrapper.application; includeInIndex = 0; path = ContatosApp.app; sourceTree = BUILT_PRODUCTS_DIR; };
		5872834C1D05D3B7003699FD /* AppDelegate.swift */ = {isa = PBXFileReference; lastKnownFileType = sourcecode.swift; path = AppDelegate.swift; sourceTree = "<group>"; };
		587283511D05D3B7003699FD /* Base */ = {isa = PBXFileReference; lastKnownFileType = file.storyboard; name = Base; path = Base.lproj/Main.storyboard; sourceTree = "<group>"; };
		587283541D05D3B7003699FD /* ContatosApp.xcdatamodel */ = {isa = PBXFileReference; lastKnownFileType = wrapper.xcdatamodel; path = ContatosApp.xcdatamodel; sourceTree = "<group>"; };
		587283561D05D3B7003699FD /* Assets.xcassets */ = {isa = PBXFileReference; lastKnownFileType = folder.assetcatalog; path = Assets.xcassets; sourceTree = "<group>"; };
		587283591D05D3B7003699FD /* Base */ = {isa = PBXFileReference; lastKnownFileType = file.storyboard; name = Base; path = Base.lproj/LaunchScreen.storyboard; sourceTree = "<group>"; };
		5872835B1D05D3B7003699FD /* Info.plist */ = {isa = PBXFileReference; lastKnownFileType = text.plist.xml; path = Info.plist; sourceTree = "<group>"; };
		587283601D05D3B7003699FD /* ContatosAppTests.xctest */ = {isa = PBXFileReference; explicitFileType = wrapper.cfbundle; includeInIndex = 0; path = ContatosAppTests.xctest; sourceTree = BUILT_PRODUCTS_DIR; };
		587283641D05D3B7003699FD /* ContatosAppTests.swift */ = {isa = PBXFileReference; lastKnownFileType = sourcecode.swift; path = ContatosAppTests.swift; sourceTree = "<group>"; };
		587283661D05D3B7003699FD /* Info.plist */ = {isa = PBXFileReference; lastKnownFileType = text.plist.xml; path = Info.plist; sourceTree = "<group>"; };
		5872836B1D05D3B7003699FD /* ContatosAppUITests.xctest */ = {isa = PBXFileReference; explicitFileType = wrapper.cfbundle; includeInIndex = 0; path = ContatosAppUITests.xctest; sourceTree = BUILT_PRODUCTS_DIR; };
		5872836F1D05D3B7003699FD /* ContatosAppUITests.swift */ = {isa = PBXFileReference; lastKnownFileType = sourcecode.swift; path = ContatosAppUITests.swift; sourceTree = "<group>"; };
		587283711D05D3B7003699FD /* Info.plist */ = {isa = PBXFileReference; lastKnownFileType = text.plist.xml; path = Info.plist; sourceTree = "<group>"; };
		5872837D1D05D410003699FD /* FormularioViewController.swift */ = {isa = PBXFileReference; fileEncoding = 4; lastKnownFileType = sourcecode.swift; name = FormularioViewController.swift; path = ../controller/FormularioViewController.swift; sourceTree = "<group>"; };
		587283811D05D5B1003699FD /* Contato.h */ = {isa = PBXFileReference; fileEncoding = 4; lastKnownFileType = sourcecode.c.h; name = Contato.h; path = model/Contato.h; sourceTree = SOURCE_ROOT; };
		587283821D05D5B1003699FD /* Contato.m */ = {isa = PBXFileReference; fileEncoding = 4; lastKnownFileType = sourcecode.c.objc; name = Contato.m; path = model/Contato.m; sourceTree = SOURCE_ROOT; };
		587283851D05D9BD003699FD /* ContatoDAO.swift */ = {isa = PBXFileReference; fileEncoding = 4; lastKnownFileType = sourcecode.swift; name = ContatoDAO.swift; path = dao/ContatoDAO.swift; sourceTree = SOURCE_ROOT; };
		587283871D05DB34003699FD /* Integration-Bridging-Header.h */ = {isa = PBXFileReference; lastKnownFileType = sourcecode.c.h; name = "Integration-Bridging-Header.h"; path = "configuration/Integration-Bridging-Header.h"; sourceTree = SOURCE_ROOT; };
		5872838B1D05DF23003699FD /* ListagemTableViewController.swift */ = {isa = PBXFileReference; fileEncoding = 4; lastKnownFileType = sourcecode.swift; name = ListagemTableViewController.swift; path = controller/ListagemTableViewController.swift; sourceTree = SOURCE_ROOT; };
		58778ECD1D25CF52003D1EDF /* CoreDataUtil.swift */ = {isa = PBXFileReference; fileEncoding = 4; lastKnownFileType = sourcecode.swift; name = CoreDataUtil.swift; path = dao/CoreDataUtil.swift; sourceTree = SOURCE_ROOT; };
		58C271F61D1DD8C50021EAFA /* FormularioContatoViewControllerDelegate.swift */ = {isa = PBXFileReference; fileEncoding = 4; lastKnownFileType = sourcecode.swift; name = FormularioContatoViewControllerDelegate.swift; path = delegate/FormularioContatoViewControllerDelegate.swift; sourceTree = SOURCE_ROOT; };
		58C271F91D1DE6660021EAFA /* GerenciadorDeAcoes.swift */ = {isa = PBXFileReference; fileEncoding = 4; lastKnownFileType = sourcecode.swift; name = GerenciadorDeAcoes.swift; path = controller/GerenciadorDeAcoes.swift; sourceTree = SOURCE_ROOT; };
		58F86B721D2450840008E240 /* TemperaturaViewController.swift */ = {isa = PBXFileReference; fileEncoding = 4; lastKnownFileType = sourcecode.swift; name = TemperaturaViewController.swift; path = controller/TemperaturaViewController.swift; sourceTree = SOURCE_ROOT; };
		58FCEA021D21A6EF00028ACE /* MapaViewController.swift */ = {isa = PBXFileReference; fileEncoding = 4; lastKnownFileType = sourcecode.swift; name = MapaViewController.swift; path = controller/MapaViewController.swift; sourceTree = SOURCE_ROOT; };
		58FCEA061D21C91600028ACE /* VilaMariana.gpx */ = {isa = PBXFileReference; lastKnownFileType = text.xml; name = VilaMariana.gpx; path = resources/VilaMariana.gpx; sourceTree = SOURCE_ROOT; };
		75487E5029ACC539B690BDD8 /* Pods-ContatosAppUITests.debug.xcconfig */ = {isa = PBXFileReference; includeInIndex = 1; lastKnownFileType = text.xcconfig; name = "Pods-ContatosAppUITests.debug.xcconfig"; path = "Pods/Target Support Files/Pods-ContatosAppUITests/Pods-ContatosAppUITests.debug.xcconfig"; sourceTree = "<group>"; };
		831AA6620FC554031AF7C63C /* Pods_ContatosAppUITests.framework */ = {isa = PBXFileReference; explicitFileType = wrapper.framework; includeInIndex = 0; path = Pods_ContatosAppUITests.framework; sourceTree = BUILT_PRODUCTS_DIR; };
		92C509697931CAA81BD5C602 /* Pods_ContatosAppTests.framework */ = {isa = PBXFileReference; explicitFileType = wrapper.framework; includeInIndex = 0; path = Pods_ContatosAppTests.framework; sourceTree = BUILT_PRODUCTS_DIR; };
		93D6BFC4E677BA6BABC05B30 /* Pods-ContatosApp.release.xcconfig */ = {isa = PBXFileReference; includeInIndex = 1; lastKnownFileType = text.xcconfig; name = "Pods-ContatosApp.release.xcconfig"; path = "Pods/Target Support Files/Pods-ContatosApp/Pods-ContatosApp.release.xcconfig"; sourceTree = "<group>"; };
		ABBE634335950FCDAFC77ECD /* Pods-ContatosAppTests.debug.xcconfig */ = {isa = PBXFileReference; includeInIndex = 1; lastKnownFileType = text.xcconfig; name = "Pods-ContatosAppTests.debug.xcconfig"; path = "Pods/Target Support Files/Pods-ContatosAppTests/Pods-ContatosAppTests.debug.xcconfig"; sourceTree = "<group>"; };
		C9139DA3EBCF532487405C10 /* Pods_ContatosApp.framework */ = {isa = PBXFileReference; explicitFileType = wrapper.framework; includeInIndex = 0; path = Pods_ContatosApp.framework; sourceTree = BUILT_PRODUCTS_DIR; };
		FC06A76FBC970CCD9AD1EFED /* Pods-ContatosApp.debug.xcconfig */ = {isa = PBXFileReference; includeInIndex = 1; lastKnownFileType = text.xcconfig; name = "Pods-ContatosApp.debug.xcconfig"; path = "Pods/Target Support Files/Pods-ContatosApp/Pods-ContatosApp.debug.xcconfig"; sourceTree = "<group>"; };
/* End PBXFileReference section */

/* Begin PBXFrameworksBuildPhase section */
		587283461D05D3B7003699FD /* Frameworks */ = {
			isa = PBXFrameworksBuildPhase;
			buildActionMask = 2147483647;
			files = (
				80284BC91C9FB886EC9C4BB4 /* Pods_ContatosApp.framework in Frameworks */,
			);
			runOnlyForDeploymentPostprocessing = 0;
		};
		5872835D1D05D3B7003699FD /* Frameworks */ = {
			isa = PBXFrameworksBuildPhase;
			buildActionMask = 2147483647;
			files = (
				5D6F0333A05BDD1FEA910FB7 /* Pods_ContatosAppTests.framework in Frameworks */,
			);
			runOnlyForDeploymentPostprocessing = 0;
		};
		587283681D05D3B7003699FD /* Frameworks */ = {
			isa = PBXFrameworksBuildPhase;
			buildActionMask = 2147483647;
			files = (
				F43381A80E85AD1270F9C8FD /* Pods_ContatosAppUITests.framework in Frameworks */,
			);
			runOnlyForDeploymentPostprocessing = 0;
		};
/* End PBXFrameworksBuildPhase section */

/* Begin PBXGroup section */
		587283401D05D3B7003699FD = {
			isa = PBXGroup;
			children = (
				5872834B1D05D3B7003699FD /* ContatosApp */,
				587283631D05D3B7003699FD /* ContatosAppTests */,
				5872836E1D05D3B7003699FD /* ContatosAppUITests */,
				5872834A1D05D3B7003699FD /* Products */,
				F0B59E8003857099D6F9CB2E /* Pods */,
				6ED650965A72641B0534E961 /* Frameworks */,
			);
			sourceTree = "<group>";
		};
		5872834A1D05D3B7003699FD /* Products */ = {
			isa = PBXGroup;
			children = (
				587283491D05D3B7003699FD /* ContatosApp.app */,
				587283601D05D3B7003699FD /* ContatosAppTests.xctest */,
				5872836B1D05D3B7003699FD /* ContatosAppUITests.xctest */,
			);
			name = Products;
			sourceTree = "<group>";
		};
		5872834B1D05D3B7003699FD /* ContatosApp */ = {
			isa = PBXGroup;
			children = (
				5872834C1D05D3B7003699FD /* AppDelegate.swift */,
				587283841D05D996003699FD /* dao */,
				58C271F51D1DD84F0021EAFA /* delegate */,
				587283881D05DB42003699FD /* configuration */,
				5872837F1D05D447003699FD /* controller */,
				587283801D05D579003699FD /* model */,
				58FCEA071D21C92100028ACE /* resources */,
				587283501D05D3B7003699FD /* Main.storyboard */,
				587283561D05D3B7003699FD /* Assets.xcassets */,
				587283581D05D3B7003699FD /* LaunchScreen.storyboard */,
				5872835B1D05D3B7003699FD /* Info.plist */,
				587283531D05D3B7003699FD /* ContatosApp.xcdatamodeld */,
			);
			path = ContatosApp;
			sourceTree = "<group>";
		};
		587283631D05D3B7003699FD /* ContatosAppTests */ = {
			isa = PBXGroup;
			children = (
				587283641D05D3B7003699FD /* ContatosAppTests.swift */,
				587283661D05D3B7003699FD /* Info.plist */,
			);
			path = ContatosAppTests;
			sourceTree = "<group>";
		};
		5872836E1D05D3B7003699FD /* ContatosAppUITests */ = {
			isa = PBXGroup;
			children = (
				5872836F1D05D3B7003699FD /* ContatosAppUITests.swift */,
				587283711D05D3B7003699FD /* Info.plist */,
			);
			path = ContatosAppUITests;
			sourceTree = "<group>";
		};
		5872837F1D05D447003699FD /* controller */ = {
			isa = PBXGroup;
			children = (
				5872837D1D05D410003699FD /* FormularioViewController.swift */,
				5872838B1D05DF23003699FD /* ListagemTableViewController.swift */,
				58C271F91D1DE6660021EAFA /* GerenciadorDeAcoes.swift */,
				58FCEA021D21A6EF00028ACE /* MapaViewController.swift */,
				58F86B721D2450840008E240 /* TemperaturaViewController.swift */,
			);
			name = controller;
			sourceTree = "<group>";
		};
		587283801D05D579003699FD /* model */ = {
			isa = PBXGroup;
			children = (
				587283811D05D5B1003699FD /* Contato.h */,
				587283821D05D5B1003699FD /* Contato.m */,
			);
			name = model;
			sourceTree = "<group>";
		};
		587283841D05D996003699FD /* dao */ = {
			isa = PBXGroup;
			children = (
				587283851D05D9BD003699FD /* ContatoDAO.swift */,
				58778ECD1D25CF52003D1EDF /* CoreDataUtil.swift */,
			);
			name = dao;
			sourceTree = "<group>";
		};
		587283881D05DB42003699FD /* configuration */ = {
			isa = PBXGroup;
			children = (
				587283871D05DB34003699FD /* Integration-Bridging-Header.h */,
			);
			name = configuration;
			sourceTree = "<group>";
		};
		58C271F51D1DD84F0021EAFA /* delegate */ = {
			isa = PBXGroup;
			children = (
				58C271F61D1DD8C50021EAFA /* FormularioContatoViewControllerDelegate.swift */,
			);
			name = delegate;
			sourceTree = "<group>";
		};
		58FCEA071D21C92100028ACE /* resources */ = {
			isa = PBXGroup;
			children = (
				58FCEA061D21C91600028ACE /* VilaMariana.gpx */,
			);
			name = resources;
			sourceTree = "<group>";
		};
		6ED650965A72641B0534E961 /* Frameworks */ = {
			isa = PBXGroup;
			children = (
				C9139DA3EBCF532487405C10 /* Pods_ContatosApp.framework */,
				92C509697931CAA81BD5C602 /* Pods_ContatosAppTests.framework */,
				831AA6620FC554031AF7C63C /* Pods_ContatosAppUITests.framework */,
			);
			name = Frameworks;
			sourceTree = "<group>";
		};
		F0B59E8003857099D6F9CB2E /* Pods */ = {
			isa = PBXGroup;
			children = (
				FC06A76FBC970CCD9AD1EFED /* Pods-ContatosApp.debug.xcconfig */,
				93D6BFC4E677BA6BABC05B30 /* Pods-ContatosApp.release.xcconfig */,
				ABBE634335950FCDAFC77ECD /* Pods-ContatosAppTests.debug.xcconfig */,
				088091021607CF1A266F86E3 /* Pods-ContatosAppTests.release.xcconfig */,
				75487E5029ACC539B690BDD8 /* Pods-ContatosAppUITests.debug.xcconfig */,
				18CD693DA211E2E5C070A903 /* Pods-ContatosAppUITests.release.xcconfig */,
			);
			name = Pods;
			sourceTree = "<group>";
		};
/* End PBXGroup section */

/* Begin PBXNativeTarget section */
		587283481D05D3B7003699FD /* ContatosApp */ = {
			isa = PBXNativeTarget;
			buildConfigurationList = 587283741D05D3B7003699FD /* Build configuration list for PBXNativeTarget "ContatosApp" */;
			buildPhases = (
				F73A87E7C3546C3FC4F275BE /* [CP] Check Pods Manifest.lock */,
				587283451D05D3B7003699FD /* Sources */,
				587283461D05D3B7003699FD /* Frameworks */,
				587283471D05D3B7003699FD /* Resources */,
				0AE6312D65E1802A55C2B40F /* [CP] Embed Pods Frameworks */,
				0705BA4DE73A57521847EE3C /* [CP] Copy Pods Resources */,
			);
			buildRules = (
			);
			dependencies = (
			);
			name = ContatosApp;
			productName = ContatosApp;
			productReference = 587283491D05D3B7003699FD /* ContatosApp.app */;
			productType = "com.apple.product-type.application";
		};
		5872835F1D05D3B7003699FD /* ContatosAppTests */ = {
			isa = PBXNativeTarget;
			buildConfigurationList = 587283771D05D3B7003699FD /* Build configuration list for PBXNativeTarget "ContatosAppTests" */;
			buildPhases = (
				C6C3916EBC59DCFC76503972 /* [CP] Check Pods Manifest.lock */,
				5872835C1D05D3B7003699FD /* Sources */,
				5872835D1D05D3B7003699FD /* Frameworks */,
				5872835E1D05D3B7003699FD /* Resources */,
				51EEB4FB26239DB0061FFE16 /* [CP] Embed Pods Frameworks */,
				39796D3C703BACDD4A4B53A2 /* [CP] Copy Pods Resources */,
			);
			buildRules = (
			);
			dependencies = (
				587283621D05D3B7003699FD /* PBXTargetDependency */,
			);
			name = ContatosAppTests;
			productName = ContatosAppTests;
			productReference = 587283601D05D3B7003699FD /* ContatosAppTests.xctest */;
			productType = "com.apple.product-type.bundle.unit-test";
		};
		5872836A1D05D3B7003699FD /* ContatosAppUITests */ = {
			isa = PBXNativeTarget;
			buildConfigurationList = 5872837A1D05D3B7003699FD /* Build configuration list for PBXNativeTarget "ContatosAppUITests" */;
			buildPhases = (
				867B3538DE3164410A556987 /* [CP] Check Pods Manifest.lock */,
				587283671D05D3B7003699FD /* Sources */,
				587283681D05D3B7003699FD /* Frameworks */,
				587283691D05D3B7003699FD /* Resources */,
				61FD07480E10E9ABC2C2520F /* [CP] Copy Pods Resources */,
			);
			buildRules = (
			);
			dependencies = (
				5872836D1D05D3B7003699FD /* PBXTargetDependency */,
			);
			name = ContatosAppUITests;
			productName = ContatosAppUITests;
			productReference = 5872836B1D05D3B7003699FD /* ContatosAppUITests.xctest */;
			productType = "com.apple.product-type.bundle.ui-testing";
		};
/* End PBXNativeTarget section */

/* Begin PBXProject section */
		587283411D05D3B7003699FD /* Project object */ = {
			isa = PBXProject;
			attributes = {
				LastSwiftUpdateCheck = 0730;
				LastUpgradeCheck = 0730;
				ORGANIZATIONNAME = Fernando;
				TargetAttributes = {
					587283481D05D3B7003699FD = {
						CreatedOnToolsVersion = 7.3.1;
					};
					5872835F1D05D3B7003699FD = {
						CreatedOnToolsVersion = 7.3.1;
						TestTargetID = 587283481D05D3B7003699FD;
					};
					5872836A1D05D3B7003699FD = {
						CreatedOnToolsVersion = 7.3.1;
						TestTargetID = 587283481D05D3B7003699FD;
					};
				};
			};
			buildConfigurationList = 587283441D05D3B7003699FD /* Build configuration list for PBXProject "ContatosApp" */;
			compatibilityVersion = "Xcode 3.2";
			developmentRegion = English;
			hasScannedForEncodings = 0;
			knownRegions = (
				en,
				Base,
			);
			mainGroup = 587283401D05D3B7003699FD;
			productRefGroup = 5872834A1D05D3B7003699FD /* Products */;
			projectDirPath = "";
			projectRoot = "";
			targets = (
				587283481D05D3B7003699FD /* ContatosApp */,
				5872835F1D05D3B7003699FD /* ContatosAppTests */,
				5872836A1D05D3B7003699FD /* ContatosAppUITests */,
			);
		};
/* End PBXProject section */

/* Begin PBXResourcesBuildPhase section */
		587283471D05D3B7003699FD /* Resources */ = {
			isa = PBXResourcesBuildPhase;
			buildActionMask = 2147483647;
			files = (
				5872835A1D05D3B7003699FD /* LaunchScreen.storyboard in Resources */,
				587283571D05D3B7003699FD /* Assets.xcassets in Resources */,
				587283521D05D3B7003699FD /* Main.storyboard in Resources */,
			);
			runOnlyForDeploymentPostprocessing = 0;
		};
		5872835E1D05D3B7003699FD /* Resources */ = {
			isa = PBXResourcesBuildPhase;
			buildActionMask = 2147483647;
			files = (
			);
			runOnlyForDeploymentPostprocessing = 0;
		};
		587283691D05D3B7003699FD /* Resources */ = {
			isa = PBXResourcesBuildPhase;
			buildActionMask = 2147483647;
			files = (
			);
			runOnlyForDeploymentPostprocessing = 0;
		};
/* End PBXResourcesBuildPhase section */

/* Begin PBXShellScriptBuildPhase section */
		0705BA4DE73A57521847EE3C /* [CP] Copy Pods Resources */ = {
			isa = PBXShellScriptBuildPhase;
			buildActionMask = 2147483647;
			files = (
			);
			inputPaths = (
			);
			name = "[CP] Copy Pods Resources";
			outputPaths = (
			);
			runOnlyForDeploymentPostprocessing = 0;
			shellPath = /bin/sh;
			shellScript = "\"${SRCROOT}/Pods/Target Support Files/Pods-ContatosApp/Pods-ContatosApp-resources.sh\"\n";
			showEnvVarsInLog = 0;
		};
		0AE6312D65E1802A55C2B40F /* [CP] Embed Pods Frameworks */ = {
			isa = PBXShellScriptBuildPhase;
			buildActionMask = 2147483647;
			files = (
			);
			inputPaths = (
			);
			name = "[CP] Embed Pods Frameworks";
			outputPaths = (
			);
			runOnlyForDeploymentPostprocessing = 0;
			shellPath = /bin/sh;
			shellScript = "\"${SRCROOT}/Pods/Target Support Files/Pods-ContatosApp/Pods-ContatosApp-frameworks.sh\"\n";
			showEnvVarsInLog = 0;
		};
		39796D3C703BACDD4A4B53A2 /* [CP] Copy Pods Resources */ = {
			isa = PBXShellScriptBuildPhase;
			buildActionMask = 2147483647;
			files = (
			);
			inputPaths = (
			);
			name = "[CP] Copy Pods Resources";
			outputPaths = (
			);
			runOnlyForDeploymentPostprocessing = 0;
			shellPath = /bin/sh;
			shellScript = "\"${SRCROOT}/Pods/Target Support Files/Pods-ContatosAppTests/Pods-ContatosAppTests-resources.sh\"\n";
			showEnvVarsInLog = 0;
		};
		51EEB4FB26239DB0061FFE16 /* [CP] Embed Pods Frameworks */ = {
			isa = PBXShellScriptBuildPhase;
			buildActionMask = 2147483647;
			files = (
			);
			inputPaths = (
			);
			name = "[CP] Embed Pods Frameworks";
			outputPaths = (
			);
			runOnlyForDeploymentPostprocessing = 0;
			shellPath = /bin/sh;
			shellScript = "\"${SRCROOT}/Pods/Target Support Files/Pods-ContatosAppTests/Pods-ContatosAppTests-frameworks.sh\"\n";
			showEnvVarsInLog = 0;
		};
		61FD07480E10E9ABC2C2520F /* [CP] Copy Pods Resources */ = {
			isa = PBXShellScriptBuildPhase;
			buildActionMask = 2147483647;
			files = (
			);
			inputPaths = (
			);
			name = "[CP] Copy Pods Resources";
			outputPaths = (
			);
			runOnlyForDeploymentPostprocessing = 0;
			shellPath = /bin/sh;
			shellScript = "\"${SRCROOT}/Pods/Target Support Files/Pods-ContatosAppUITests/Pods-ContatosAppUITests-resources.sh\"\n";
			showEnvVarsInLog = 0;
		};
		867B3538DE3164410A556987 /* [CP] Check Pods Manifest.lock */ = {
			isa = PBXShellScriptBuildPhase;
			buildActionMask = 2147483647;
			files = (
			);
			inputPaths = (
			);
			name = "[CP] Check Pods Manifest.lock";
			outputPaths = (
			);
			runOnlyForDeploymentPostprocessing = 0;
			shellPath = /bin/sh;
			shellScript = "diff \"${PODS_ROOT}/../Podfile.lock\" \"${PODS_ROOT}/Manifest.lock\" > /dev/null\nif [[ $? != 0 ]] ; then\n    cat << EOM\nerror: The sandbox is not in sync with the Podfile.lock. Run 'pod install' or update your CocoaPods installation.\nEOM\n    exit 1\nfi\n";
			showEnvVarsInLog = 0;
		};
		C6C3916EBC59DCFC76503972 /* [CP] Check Pods Manifest.lock */ = {
			isa = PBXShellScriptBuildPhase;
			buildActionMask = 2147483647;
			files = (
			);
			inputPaths = (
			);
			name = "[CP] Check Pods Manifest.lock";
			outputPaths = (
			);
			runOnlyForDeploymentPostprocessing = 0;
			shellPath = /bin/sh;
			shellScript = "diff \"${PODS_ROOT}/../Podfile.lock\" \"${PODS_ROOT}/Manifest.lock\" > /dev/null\nif [[ $? != 0 ]] ; then\n    cat << EOM\nerror: The sandbox is not in sync with the Podfile.lock. Run 'pod install' or update your CocoaPods installation.\nEOM\n    exit 1\nfi\n";
			showEnvVarsInLog = 0;
		};
		F73A87E7C3546C3FC4F275BE /* [CP] Check Pods Manifest.lock */ = {
			isa = PBXShellScriptBuildPhase;
			buildActionMask = 2147483647;
			files = (
			);
			inputPaths = (
			);
			name = "[CP] Check Pods Manifest.lock";
			outputPaths = (
			);
			runOnlyForDeploymentPostprocessing = 0;
			shellPath = /bin/sh;
			shellScript = "diff \"${PODS_ROOT}/../Podfile.lock\" \"${PODS_ROOT}/Manifest.lock\" > /dev/null\nif [[ $? != 0 ]] ; then\n    cat << EOM\nerror: The sandbox is not in sync with the Podfile.lock. Run 'pod install' or update your CocoaPods installation.\nEOM\n    exit 1\nfi\n";
			showEnvVarsInLog = 0;
		};
/* End PBXShellScriptBuildPhase section */

/* Begin PBXSourcesBuildPhase section */
		587283451D05D3B7003699FD /* Sources */ = {
			isa = PBXSourcesBuildPhase;
			buildActionMask = 2147483647;
			files = (
				587283831D05D5B1003699FD /* Contato.m in Sources */,
				58F86B731D2450840008E240 /* TemperaturaViewController.swift in Sources */,
				5872834D1D05D3B7003699FD /* AppDelegate.swift in Sources */,
				58C271FA1D1DE6660021EAFA /* GerenciadorDeAcoes.swift in Sources */,
				58C271F71D1DD8C50021EAFA /* FormularioContatoViewControllerDelegate.swift in Sources */,
				58FCEA031D21A6EF00028ACE /* MapaViewController.swift in Sources */,
				587283861D05D9BD003699FD /* ContatoDAO.swift in Sources */,
				587283551D05D3B7003699FD /* ContatosApp.xcdatamodeld in Sources */,
				58778ECE1D25CF52003D1EDF /* CoreDataUtil.swift in Sources */,
				5872837E1D05D410003699FD /* FormularioViewController.swift in Sources */,
				5872838C1D05DF23003699FD /* ListagemTableViewController.swift in Sources */,
			);
			runOnlyForDeploymentPostprocessing = 0;
		};
		5872835C1D05D3B7003699FD /* Sources */ = {
			isa = PBXSourcesBuildPhase;
			buildActionMask = 2147483647;
			files = (
				587283651D05D3B7003699FD /* ContatosAppTests.swift in Sources */,
			);
			runOnlyForDeploymentPostprocessing = 0;
		};
		587283671D05D3B7003699FD /* Sources */ = {
			isa = PBXSourcesBuildPhase;
			buildActionMask = 2147483647;
			files = (
				587283701D05D3B7003699FD /* ContatosAppUITests.swift in Sources */,
			);
			runOnlyForDeploymentPostprocessing = 0;
		};
/* End PBXSourcesBuildPhase section */

/* Begin PBXTargetDependency section */
		587283621D05D3B7003699FD /* PBXTargetDependency */ = {
			isa = PBXTargetDependency;
			target = 587283481D05D3B7003699FD /* ContatosApp */;
			targetProxy = 587283611D05D3B7003699FD /* PBXContainerItemProxy */;
		};
		5872836D1D05D3B7003699FD /* PBXTargetDependency */ = {
			isa = PBXTargetDependency;
			target = 587283481D05D3B7003699FD /* ContatosApp */;
			targetProxy = 5872836C1D05D3B7003699FD /* PBXContainerItemProxy */;
		};
/* End PBXTargetDependency section */

/* Begin PBXVariantGroup section */
		587283501D05D3B7003699FD /* Main.storyboard */ = {
			isa = PBXVariantGroup;
			children = (
				587283511D05D3B7003699FD /* Base */,
			);
			name = Main.storyboard;
			sourceTree = "<group>";
		};
		587283581D05D3B7003699FD /* LaunchScreen.storyboard */ = {
			isa = PBXVariantGroup;
			children = (
				587283591D05D3B7003699FD /* Base */,
			);
			name = LaunchScreen.storyboard;
			sourceTree = "<group>";
		};
/* End PBXVariantGroup section */

/* Begin XCBuildConfiguration section */
		587283721D05D3B7003699FD /* Debug */ = {
			isa = XCBuildConfiguration;
			buildSettings = {
				ALWAYS_SEARCH_USER_PATHS = NO;
				CLANG_ANALYZER_NONNULL = YES;
				CLANG_CXX_LANGUAGE_STANDARD = "gnu++0x";
				CLANG_CXX_LIBRARY = "libc++";
				CLANG_ENABLE_MODULES = YES;
				CLANG_ENABLE_OBJC_ARC = YES;
				CLANG_WARN_BOOL_CONVERSION = YES;
				CLANG_WARN_CONSTANT_CONVERSION = YES;
				CLANG_WARN_DIRECT_OBJC_ISA_USAGE = YES_ERROR;
				CLANG_WARN_EMPTY_BODY = YES;
				CLANG_WARN_ENUM_CONVERSION = YES;
				CLANG_WARN_INT_CONVERSION = YES;
				CLANG_WARN_OBJC_ROOT_CLASS = YES_ERROR;
				CLANG_WARN_UNREACHABLE_CODE = YES;
				CLANG_WARN__DUPLICATE_METHOD_MATCH = YES;
				"CODE_SIGN_IDENTITY[sdk=iphoneos*]" = "iPhone Developer";
				COPY_PHASE_STRIP = NO;
				DEBUG_INFORMATION_FORMAT = dwarf;
				ENABLE_STRICT_OBJC_MSGSEND = YES;
				ENABLE_TESTABILITY = YES;
				GCC_C_LANGUAGE_STANDARD = gnu99;
				GCC_DYNAMIC_NO_PIC = NO;
				GCC_NO_COMMON_BLOCKS = YES;
				GCC_OPTIMIZATION_LEVEL = 0;
				GCC_PREPROCESSOR_DEFINITIONS = (
					"DEBUG=1",
					"$(inherited)",
				);
				GCC_WARN_64_TO_32_BIT_CONVERSION = YES;
				GCC_WARN_ABOUT_RETURN_TYPE = YES_ERROR;
				GCC_WARN_UNDECLARED_SELECTOR = YES;
				GCC_WARN_UNINITIALIZED_AUTOS = YES_AGGRESSIVE;
				GCC_WARN_UNUSED_FUNCTION = YES;
				GCC_WARN_UNUSED_VARIABLE = YES;
				IPHONEOS_DEPLOYMENT_TARGET = 9.3;
				MTL_ENABLE_DEBUG_INFO = YES;
				ONLY_ACTIVE_ARCH = YES;
				SDKROOT = iphoneos;
				SWIFT_OPTIMIZATION_LEVEL = "-Onone";
			};
			name = Debug;
		};
		587283731D05D3B7003699FD /* Release */ = {
			isa = XCBuildConfiguration;
			buildSettings = {
				ALWAYS_SEARCH_USER_PATHS = NO;
				CLANG_ANALYZER_NONNULL = YES;
				CLANG_CXX_LANGUAGE_STANDARD = "gnu++0x";
				CLANG_CXX_LIBRARY = "libc++";
				CLANG_ENABLE_MODULES = YES;
				CLANG_ENABLE_OBJC_ARC = YES;
				CLANG_WARN_BOOL_CONVERSION = YES;
				CLANG_WARN_CONSTANT_CONVERSION = YES;
				CLANG_WARN_DIRECT_OBJC_ISA_USAGE = YES_ERROR;
				CLANG_WARN_EMPTY_BODY = YES;
				CLANG_WARN_ENUM_CONVERSION = YES;
				CLANG_WARN_INT_CONVERSION = YES;
				CLANG_WARN_OBJC_ROOT_CLASS = YES_ERROR;
				CLANG_WARN_UNREACHABLE_CODE = YES;
				CLANG_WARN__DUPLICATE_METHOD_MATCH = YES;
				"CODE_SIGN_IDENTITY[sdk=iphoneos*]" = "iPhone Developer";
				COPY_PHASE_STRIP = NO;
				DEBUG_INFORMATION_FORMAT = "dwarf-with-dsym";
				ENABLE_NS_ASSERTIONS = NO;
				ENABLE_STRICT_OBJC_MSGSEND = YES;
				GCC_C_LANGUAGE_STANDARD = gnu99;
				GCC_NO_COMMON_BLOCKS = YES;
				GCC_WARN_64_TO_32_BIT_CONVERSION = YES;
				GCC_WARN_ABOUT_RETURN_TYPE = YES_ERROR;
				GCC_WARN_UNDECLARED_SELECTOR = YES;
				GCC_WARN_UNINITIALIZED_AUTOS = YES_AGGRESSIVE;
				GCC_WARN_UNUSED_FUNCTION = YES;
				GCC_WARN_UNUSED_VARIABLE = YES;
				IPHONEOS_DEPLOYMENT_TARGET = 9.3;
				MTL_ENABLE_DEBUG_INFO = NO;
				SDKROOT = iphoneos;
				VALIDATE_PRODUCT = YES;
			};
			name = Release;
		};
		587283751D05D3B7003699FD /* Debug */ = {
			isa = XCBuildConfiguration;
			baseConfigurationReference = FC06A76FBC970CCD9AD1EFED /* Pods-ContatosApp.debug.xcconfig */;
			buildSettings = {
				ASSETCATALOG_COMPILER_APPICON_NAME = AppIcon;
				CLANG_ENABLE_MODULES = YES;
				INFOPLIST_FILE = ContatosApp/Info.plist;
				LD_RUNPATH_SEARCH_PATHS = "$(inherited) @executable_path/Frameworks";
				PRODUCT_BUNDLE_IDENTIFIER = br.com.caelum.ContatosApp;
				PRODUCT_NAME = "$(TARGET_NAME)";
				SWIFT_OBJC_BRIDGING_HEADER = "/Users/Nando/caelum/IP-67/ContatosApp/configuration/Integration-Bridging-Header.h";
				SWIFT_OPTIMIZATION_LEVEL = "-Onone";
			};
			name = Debug;
		};
		587283761D05D3B7003699FD /* Release */ = {
			isa = XCBuildConfiguration;
			baseConfigurationReference = 93D6BFC4E677BA6BABC05B30 /* Pods-ContatosApp.release.xcconfig */;
			buildSettings = {
				ASSETCATALOG_COMPILER_APPICON_NAME = AppIcon;
				CLANG_ENABLE_MODULES = YES;
				INFOPLIST_FILE = ContatosApp/Info.plist;
				LD_RUNPATH_SEARCH_PATHS = "$(inherited) @executable_path/Frameworks";
				PRODUCT_BUNDLE_IDENTIFIER = br.com.caelum.ContatosApp;
				PRODUCT_NAME = "$(TARGET_NAME)";
				SWIFT_OBJC_BRIDGING_HEADER = "/Users/Nando/caelum/IP-67/ContatosApp/configuration/Integration-Bridging-Header.h";
			};
			name = Release;
		};
		587283781D05D3B7003699FD /* Debug */ = {
			isa = XCBuildConfiguration;
			baseConfigurationReference = ABBE634335950FCDAFC77ECD /* Pods-ContatosAppTests.debug.xcconfig */;
			buildSettings = {
				BUNDLE_LOADER = "$(TEST_HOST)";
				INFOPLIST_FILE = ContatosAppTests/Info.plist;
				LD_RUNPATH_SEARCH_PATHS = "$(inherited) @executable_path/Frameworks @loader_path/Frameworks";
				PRODUCT_BUNDLE_IDENTIFIER = br.com.caelum.ContatosAppTests;
				PRODUCT_NAME = "$(TARGET_NAME)";
				TEST_HOST = "$(BUILT_PRODUCTS_DIR)/ContatosApp.app/ContatosApp";
			};
			name = Debug;
		};
		587283791D05D3B7003699FD /* Release */ = {
			isa = XCBuildConfiguration;
			baseConfigurationReference = 088091021607CF1A266F86E3 /* Pods-ContatosAppTests.release.xcconfig */;
			buildSettings = {
				BUNDLE_LOADER = "$(TEST_HOST)";
				INFOPLIST_FILE = ContatosAppTests/Info.plist;
				LD_RUNPATH_SEARCH_PATHS = "$(inherited) @executable_path/Frameworks @loader_path/Frameworks";
				PRODUCT_BUNDLE_IDENTIFIER = br.com.caelum.ContatosAppTests;
				PRODUCT_NAME = "$(TARGET_NAME)";
				TEST_HOST = "$(BUILT_PRODUCTS_DIR)/ContatosApp.app/ContatosApp";
			};
			name = Release;
		};
		5872837B1D05D3B7003699FD /* Debug */ = {
			isa = XCBuildConfiguration;
			baseConfigurationReference = 75487E5029ACC539B690BDD8 /* Pods-ContatosAppUITests.debug.xcconfig */;
			buildSettings = {
				INFOPLIST_FILE = ContatosAppUITests/Info.plist;
				LD_RUNPATH_SEARCH_PATHS = "$(inherited) @executable_path/Frameworks @loader_path/Frameworks";
				PRODUCT_BUNDLE_IDENTIFIER = br.com.caelum.ContatosAppUITests;
				PRODUCT_NAME = "$(TARGET_NAME)";
				TEST_TARGET_NAME = ContatosApp;
			};
			name = Debug;
		};
		5872837C1D05D3B7003699FD /* Release */ = {
			isa = XCBuildConfiguration;
			baseConfigurationReference = 18CD693DA211E2E5C070A903 /* Pods-ContatosAppUITests.release.xcconfig */;
			buildSettings = {
				INFOPLIST_FILE = ContatosAppUITests/Info.plist;
				LD_RUNPATH_SEARCH_PATHS = "$(inherited) @executable_path/Frameworks @loader_path/Frameworks";
				PRODUCT_BUNDLE_IDENTIFIER = br.com.caelum.ContatosAppUITests;
				PRODUCT_NAME = "$(TARGET_NAME)";
				TEST_TARGET_NAME = ContatosApp;
			};
			name = Release;
		};
/* End XCBuildConfiguration section */

/* Begin XCConfigurationList section */
		587283441D05D3B7003699FD /* Build configuration list for PBXProject "ContatosApp" */ = {
			isa = XCConfigurationList;
			buildConfigurations = (
				587283721D05D3B7003699FD /* Debug */,
				587283731D05D3B7003699FD /* Release */,
			);
			defaultConfigurationIsVisible = 0;
			defaultConfigurationName = Release;
		};
		587283741D05D3B7003699FD /* Build configuration list for PBXNativeTarget "ContatosApp" */ = {
			isa = XCConfigurationList;
			buildConfigurations = (
				587283751D05D3B7003699FD /* Debug */,
				587283761D05D3B7003699FD /* Release */,
			);
			defaultConfigurationIsVisible = 0;
			defaultConfigurationName = Release;
		};
		587283771D05D3B7003699FD /* Build configuration list for PBXNativeTarget "ContatosAppTests" */ = {
			isa = XCConfigurationList;
			buildConfigurations = (
				587283781D05D3B7003699FD /* Debug */,
				587283791D05D3B7003699FD /* Release */,
			);
			defaultConfigurationIsVisible = 0;
			defaultConfigurationName = Release;
		};
		5872837A1D05D3B7003699FD /* Build configuration list for PBXNativeTarget "ContatosAppUITests" */ = {
			isa = XCConfigurationList;
			buildConfigurations = (
				5872837B1D05D3B7003699FD /* Debug */,
				5872837C1D05D3B7003699FD /* Release */,
			);
			defaultConfigurationIsVisible = 0;
			defaultConfigurationName = Release;
		};
/* End XCConfigurationList section */

/* Begin XCVersionGroup section */
		587283531D05D3B7003699FD /* ContatosApp.xcdatamodeld */ = {
			isa = XCVersionGroup;
			children = (
				587283541D05D3B7003699FD /* ContatosApp.xcdatamodel */,
			);
			currentVersion = 587283541D05D3B7003699FD /* ContatosApp.xcdatamodel */;
			path = ContatosApp.xcdatamodeld;
			sourceTree = "<group>";
			versionGroupType = wrapper.xcdatamodel;
		};
/* End XCVersionGroup section */
	};
	rootObject = 587283411D05D3B7003699FD /* Project object */;
}
